
Microsoft Visual Studio Solution File, Format Version 12.00
# Visual Studio 2012
Project("{FAE04EC0-301F-11D3-BF4B-00C04F79EFBC}") = "SubSonic.Core.Oracle", "SubSonic.Core.Oracle\SubSonic.Core.Oracle.csproj", "{EDECAC79-55BC-4AA9-A08B-9FE143D825D0}"
EndProject
Project("{FAE04EC0-301F-11D3-BF4B-00C04F79EFBC}") = "SubSonic.Core.Oracle.Test", "SubSonic.Core.Oracle.Test\SubSonic.Core.Oracle.Test.csproj", "{EF3403F3-0B48-4327-A708-3E0C873D02EB}"
EndProject
Project("{2150E333-8FDC-42A3-9474-1A3956D46DE8}") = "Redis", "Redis", "{2BB04C5C-B4CB-4961-9FC5-084334CCF757}"
EndProject
Project("{2150E333-8FDC-42A3-9474-1A3956D46DE8}") = "Subsonic", "Subsonic", "{82A91A4E-306F-4740-82D1-6010EF71E16D}"
EndProject
Project("{2150E333-8FDC-42A3-9474-1A3956D46DE8}") = "Tests", "Tests", "{5B87A9D5-6E3A-48FA-ACE6-DA2873FA6025}"
EndProject
Project("{2150E333-8FDC-42A3-9474-1A3956D46DE8}") = "Quality", "Quality", "{5B9C33CD-883F-4C4E-914C-7220521409D4}"
EndProject
Project("{2150E333-8FDC-42A3-9474-1A3956D46DE8}") = "Framework", "Framework", "{C6389808-767F-428C-8CD1-A83D675F7108}"
EndProject
Project("{FAE04EC0-301F-11D3-BF4B-00C04F79EFBC}") = "BlackMamba.Framework.Core", "BlackMamba.Framework.Core\BlackMamba.Framework.Core.csproj", "{ED2825C8-9C61-4CF2-BC55-0E181F2D27E9}"
EndProject
Project("{FAE04EC0-301F-11D3-BF4B-00C04F79EFBC}") = "BlackMamba.Framework.Tests", "BlackMamba.Framework.Tests\BlackMamba.Framework.Tests.csproj", "{12699542-B725-419A-B05C-9B1ECA3DB9D1}"
EndProject
Project("{FAE04EC0-301F-11D3-BF4B-00C04F79EFBC}") = "BlackMamba.Framework.SubSonic.Extension", "BlackMamba.Framework.SubSonic.Extension\BlackMamba.Framework.SubSonic.Extension.csproj", "{31962D40-25A6-46B8-A9BE-0A8E647DFBA4}"
EndProject
Project("{FAE04EC0-301F-11D3-BF4B-00C04F79EFBC}") = "BlackMamba.Framework.SubSonic.Oracle.Extension", "BlackMamba.Framework.SubSonic.Oracle.Extension\BlackMamba.Framework.SubSonic.Oracle.Extension.csproj", "{AE6D64CB-E114-4843-A1A7-9184D98D0A74}"
EndProject
Project("{FAE04EC0-301F-11D3-BF4B-00C04F79EFBC}") = "BlackMamba.Framework.RedisMapper", "BlackMamba.Framework.RedisMapper\BlackMamba.Framework.RedisMapper.csproj", "{E3F95DFF-1613-4AA2-B26B-479A7650AAF4}"
EndProject
Project("{FAE04EC0-301F-11D3-BF4B-00C04F79EFBC}") = "BlackMamba.Framework.Automation", "BlackMamba.Framework.Automation\BlackMamba.Framework.Automation.csproj", "{240C6FD3-BFEA-42F0-8A5C-D7615F4E278E}"
EndProject
Project("{FAE04EC0-301F-11D3-BF4B-00C04F79EFBC}") = "BlackMamba.Framework.Automation.Tests", "BlackMamba.Framework.Automation.Tests\BlackMamba.Framework.Automation.Tests.csproj", "{6ADEE563-2C9D-4A87-B33B-C815280C36A4}"
EndProject
Global
	GlobalSection(SolutionConfigurationPlatforms) = preSolution
		Debug|Any CPU = Debug|Any CPU
		Debug|x86 = Debug|x86
		Live|Any CPU = Live|Any CPU
		Live|x86 = Live|x86
		MonoTouch|Any CPU = MonoTouch|Any CPU
		MonoTouch|x86 = MonoTouch|x86
		Release|Any CPU = Release|Any CPU
		Release|x86 = Release|x86
		STATIC_ONLY NO_EXPRESSIONS|Any CPU = STATIC_ONLY NO_EXPRESSIONS|Any CPU
		STATIC_ONLY NO_EXPRESSIONS|x86 = STATIC_ONLY NO_EXPRESSIONS|x86
	EndGlobalSection
	GlobalSection(ProjectConfigurationPlatforms) = postSolution
		{EDECAC79-55BC-4AA9-A08B-9FE143D825D0}.Debug|Any CPU.ActiveCfg = Debug|Any CPU
		{EDECAC79-55BC-4AA9-A08B-9FE143D825D0}.Debug|Any CPU.Build.0 = Debug|Any CPU
		{EDECAC79-55BC-4AA9-A08B-9FE143D825D0}.Debug|x86.ActiveCfg = Debug|Any CPU
		{EDECAC79-55BC-4AA9-A08B-9FE143D825D0}.Live|Any CPU.ActiveCfg = Live|Any CPU
		{EDECAC79-55BC-4AA9-A08B-9FE143D825D0}.Live|Any CPU.Build.0 = Live|Any CPU
		{EDECAC79-55BC-4AA9-A08B-9FE143D825D0}.Live|x86.ActiveCfg = Live|Any CPU
		{EDECAC79-55BC-4AA9-A08B-9FE143D825D0}.MonoTouch|Any CPU.ActiveCfg = Live|Any CPU
		{EDECAC79-55BC-4AA9-A08B-9FE143D825D0}.MonoTouch|Any CPU.Build.0 = Live|Any CPU
		{EDECAC79-55BC-4AA9-A08B-9FE143D825D0}.MonoTouch|x86.ActiveCfg = Live|Any CPU
		{EDECAC79-55BC-4AA9-A08B-9FE143D825D0}.Release|Any CPU.ActiveCfg = Release|Any CPU
		{EDECAC79-55BC-4AA9-A08B-9FE143D825D0}.Release|Any CPU.Build.0 = Release|Any CPU
		{EDECAC79-55BC-4AA9-A08B-9FE143D825D0}.Release|x86.ActiveCfg = Release|Any CPU
		{EDECAC79-55BC-4AA9-A08B-9FE143D825D0}.STATIC_ONLY NO_EXPRESSIONS|Any CPU.ActiveCfg = Live|Any CPU
		{EDECAC79-55BC-4AA9-A08B-9FE143D825D0}.STATIC_ONLY NO_EXPRESSIONS|Any CPU.Build.0 = Live|Any CPU
		{EDECAC79-55BC-4AA9-A08B-9FE143D825D0}.STATIC_ONLY NO_EXPRESSIONS|x86.ActiveCfg = Live|Any CPU
		{EF3403F3-0B48-4327-A708-3E0C873D02EB}.Debug|Any CPU.ActiveCfg = Debug|Any CPU
		{EF3403F3-0B48-4327-A708-3E0C873D02EB}.Debug|Any CPU.Build.0 = Debug|Any CPU
		{EF3403F3-0B48-4327-A708-3E0C873D02EB}.Debug|x86.ActiveCfg = Debug|Any CPU
		{EF3403F3-0B48-4327-A708-3E0C873D02EB}.Live|Any CPU.ActiveCfg = Release|Any CPU
		{EF3403F3-0B48-4327-A708-3E0C873D02EB}.Live|Any CPU.Build.0 = Release|Any CPU
		{EF3403F3-0B48-4327-A708-3E0C873D02EB}.Live|x86.ActiveCfg = Release|Any CPU
		{EF3403F3-0B48-4327-A708-3E0C873D02EB}.MonoTouch|Any CPU.ActiveCfg = Release|Any CPU
		{EF3403F3-0B48-4327-A708-3E0C873D02EB}.MonoTouch|Any CPU.Build.0 = Release|Any CPU
		{EF3403F3-0B48-4327-A708-3E0C873D02EB}.MonoTouch|x86.ActiveCfg = Release|Any CPU
		{EF3403F3-0B48-4327-A708-3E0C873D02EB}.Release|Any CPU.ActiveCfg = Release|Any CPU
		{EF3403F3-0B48-4327-A708-3E0C873D02EB}.Release|Any CPU.Build.0 = Release|Any CPU
		{EF3403F3-0B48-4327-A708-3E0C873D02EB}.Release|x86.ActiveCfg = Release|Any CPU
		{EF3403F3-0B48-4327-A708-3E0C873D02EB}.STATIC_ONLY NO_EXPRESSIONS|Any CPU.ActiveCfg = Release|Any CPU
		{EF3403F3-0B48-4327-A708-3E0C873D02EB}.STATIC_ONLY NO_EXPRESSIONS|Any CPU.Build.0 = Release|Any CPU
		{EF3403F3-0B48-4327-A708-3E0C873D02EB}.STATIC_ONLY NO_EXPRESSIONS|x86.ActiveCfg = Release|Any CPU
		{ED2825C8-9C61-4CF2-BC55-0E181F2D27E9}.Debug|Any CPU.ActiveCfg = Debug|Any CPU
		{ED2825C8-9C61-4CF2-BC55-0E181F2D27E9}.Debug|Any CPU.Build.0 = Debug|Any CPU
		{ED2825C8-9C61-4CF2-BC55-0E181F2D27E9}.Debug|x86.ActiveCfg = Debug|Any CPU
		{ED2825C8-9C61-4CF2-BC55-0E181F2D27E9}.Live|Any CPU.ActiveCfg = Live|Any CPU
		{ED2825C8-9C61-4CF2-BC55-0E181F2D27E9}.Live|Any CPU.Build.0 = Live|Any CPU
		{ED2825C8-9C61-4CF2-BC55-0E181F2D27E9}.Live|x86.ActiveCfg = Live|Any CPU
		{ED2825C8-9C61-4CF2-BC55-0E181F2D27E9}.MonoTouch|Any CPU.ActiveCfg = Live|Any CPU
		{ED2825C8-9C61-4CF2-BC55-0E181F2D27E9}.MonoTouch|Any CPU.Build.0 = Live|Any CPU
		{ED2825C8-9C61-4CF2-BC55-0E181F2D27E9}.MonoTouch|x86.ActiveCfg = Live|Any CPU
		{ED2825C8-9C61-4CF2-BC55-0E181F2D27E9}.Release|Any CPU.ActiveCfg = Release|Any CPU
		{ED2825C8-9C61-4CF2-BC55-0E181F2D27E9}.Release|Any CPU.Build.0 = Release|Any CPU
		{ED2825C8-9C61-4CF2-BC55-0E181F2D27E9}.Release|x86.ActiveCfg = Release|Any CPU
		{ED2825C8-9C61-4CF2-BC55-0E181F2D27E9}.STATIC_ONLY NO_EXPRESSIONS|Any CPU.ActiveCfg = Live|Any CPU
		{ED2825C8-9C61-4CF2-BC55-0E181F2D27E9}.STATIC_ONLY NO_EXPRESSIONS|Any CPU.Build.0 = Live|Any CPU
		{ED2825C8-9C61-4CF2-BC55-0E181F2D27E9}.STATIC_ONLY NO_EXPRESSIONS|x86.ActiveCfg = Live|Any CPU
		{12699542-B725-419A-B05C-9B1ECA3DB9D1}.Debug|Any CPU.ActiveCfg = Debug|Any CPU
		{12699542-B725-419A-B05C-9B1ECA3DB9D1}.Debug|Any CPU.Build.0 = Debug|Any CPU
		{12699542-B725-419A-B05C-9B1ECA3DB9D1}.Debug|x86.ActiveCfg = Debug|Any CPU
		{12699542-B725-419A-B05C-9B1ECA3DB9D1}.Live|Any CPU.ActiveCfg = Live|Any CPU
		{12699542-B725-419A-B05C-9B1ECA3DB9D1}.Live|Any CPU.Build.0 = Live|Any CPU
		{12699542-B725-419A-B05C-9B1ECA3DB9D1}.Live|x86.ActiveCfg = Live|Any CPU
		{12699542-B725-419A-B05C-9B1ECA3DB9D1}.MonoTouch|Any CPU.ActiveCfg = Live|Any CPU
		{12699542-B725-419A-B05C-9B1ECA3DB9D1}.MonoTouch|Any CPU.Build.0 = Live|Any CPU
		{12699542-B725-419A-B05C-9B1ECA3DB9D1}.MonoTouch|x86.ActiveCfg = Live|Any CPU
		{12699542-B725-419A-B05C-9B1ECA3DB9D1}.Release|Any CPU.ActiveCfg = Release|Any CPU
		{12699542-B725-419A-B05C-9B1ECA3DB9D1}.Release|Any CPU.Build.0 = Release|Any CPU
		{12699542-B725-419A-B05C-9B1ECA3DB9D1}.Release|x86.ActiveCfg = Release|Any CPU
		{12699542-B725-419A-B05C-9B1ECA3DB9D1}.STATIC_ONLY NO_EXPRESSIONS|Any CPU.ActiveCfg = Live|Any CPU
		{12699542-B725-419A-B05C-9B1ECA3DB9D1}.STATIC_ONLY NO_EXPRESSIONS|Any CPU.Build.0 = Live|Any CPU
		{12699542-B725-419A-B05C-9B1ECA3DB9D1}.STATIC_ONLY NO_EXPRESSIONS|x86.ActiveCfg = Live|Any CPU
		{31962D40-25A6-46B8-A9BE-0A8E647DFBA4}.Debug|Any CPU.ActiveCfg = Debug|Any CPU
		{31962D40-25A6-46B8-A9BE-0A8E647DFBA4}.Debug|Any CPU.Build.0 = Debug|Any CPU
		{31962D40-25A6-46B8-A9BE-0A8E647DFBA4}.Debug|x86.ActiveCfg = Debug|Any CPU
		{31962D40-25A6-46B8-A9BE-0A8E647DFBA4}.Live|Any CPU.ActiveCfg = Live|Any CPU
		{31962D40-25A6-46B8-A9BE-0A8E647DFBA4}.Live|Any CPU.Build.0 = Live|Any CPU
		{31962D40-25A6-46B8-A9BE-0A8E647DFBA4}.Live|x86.ActiveCfg = Live|Any CPU
		{31962D40-25A6-46B8-A9BE-0A8E647DFBA4}.MonoTouch|Any CPU.ActiveCfg = Live|Any CPU
		{31962D40-25A6-46B8-A9BE-0A8E647DFBA4}.MonoTouch|Any CPU.Build.0 = Live|Any CPU
		{31962D40-25A6-46B8-A9BE-0A8E647DFBA4}.MonoTouch|x86.ActiveCfg = Live|Any CPU
		{31962D40-25A6-46B8-A9BE-0A8E647DFBA4}.Release|Any CPU.ActiveCfg = Release|Any CPU
		{31962D40-25A6-46B8-A9BE-0A8E647DFBA4}.Release|Any CPU.Build.0 = Release|Any CPU
		{31962D40-25A6-46B8-A9BE-0A8E647DFBA4}.Release|x86.ActiveCfg = Release|Any CPU
		{31962D40-25A6-46B8-A9BE-0A8E647DFBA4}.STATIC_ONLY NO_EXPRESSIONS|Any CPU.ActiveCfg = Live|Any CPU
		{31962D40-25A6-46B8-A9BE-0A8E647DFBA4}.STATIC_ONLY NO_EXPRESSIONS|Any CPU.Build.0 = Live|Any CPU
		{31962D40-25A6-46B8-A9BE-0A8E647DFBA4}.STATIC_ONLY NO_EXPRESSIONS|x86.ActiveCfg = Live|Any CPU
		{AE6D64CB-E114-4843-A1A7-9184D98D0A74}.Debug|Any CPU.ActiveCfg = Debug|Any CPU
		{AE6D64CB-E114-4843-A1A7-9184D98D0A74}.Debug|Any CPU.Build.0 = Debug|Any CPU
		{AE6D64CB-E114-4843-A1A7-9184D98D0A74}.Debug|x86.ActiveCfg = Debug|Any CPU
		{AE6D64CB-E114-4843-A1A7-9184D98D0A74}.Live|Any CPU.ActiveCfg = Live|Any CPU
		{AE6D64CB-E114-4843-A1A7-9184D98D0A74}.Live|Any CPU.Build.0 = Live|Any CPU
		{AE6D64CB-E114-4843-A1A7-9184D98D0A74}.Live|x86.ActiveCfg = Live|Any CPU
		{AE6D64CB-E114-4843-A1A7-9184D98D0A74}.MonoTouch|Any CPU.ActiveCfg = Live|Any CPU
		{AE6D64CB-E114-4843-A1A7-9184D98D0A74}.MonoTouch|Any CPU.Build.0 = Live|Any CPU
		{AE6D64CB-E114-4843-A1A7-9184D98D0A74}.MonoTouch|x86.ActiveCfg = Live|Any CPU
		{AE6D64CB-E114-4843-A1A7-9184D98D0A74}.Release|Any CPU.ActiveCfg = Release|Any CPU
		{AE6D64CB-E114-4843-A1A7-9184D98D0A74}.Release|Any CPU.Build.0 = Release|Any CPU
		{AE6D64CB-E114-4843-A1A7-9184D98D0A74}.Release|x86.ActiveCfg = Release|Any CPU
		{AE6D64CB-E114-4843-A1A7-9184D98D0A74}.STATIC_ONLY NO_EXPRESSIONS|Any CPU.ActiveCfg = Live|Any CPU
		{AE6D64CB-E114-4843-A1A7-9184D98D0A74}.STATIC_ONLY NO_EXPRESSIONS|Any CPU.Build.0 = Live|Any CPU
		{AE6D64CB-E114-4843-A1A7-9184D98D0A74}.STATIC_ONLY NO_EXPRESSIONS|x86.ActiveCfg = Live|Any CPU
		{E3F95DFF-1613-4AA2-B26B-479A7650AAF4}.Debug|Any CPU.ActiveCfg = Debug|Any CPU
		{E3F95DFF-1613-4AA2-B26B-479A7650AAF4}.Debug|Any CPU.Build.0 = Debug|Any CPU
		{E3F95DFF-1613-4AA2-B26B-479A7650AAF4}.Debug|x86.ActiveCfg = Debug|Any CPU
		{E3F95DFF-1613-4AA2-B26B-479A7650AAF4}.Live|Any CPU.ActiveCfg = Live|Any CPU
		{E3F95DFF-1613-4AA2-B26B-479A7650AAF4}.Live|Any CPU.Build.0 = Live|Any CPU
		{E3F95DFF-1613-4AA2-B26B-479A7650AAF4}.Live|x86.ActiveCfg = Live|Any CPU
		{E3F95DFF-1613-4AA2-B26B-479A7650AAF4}.MonoTouch|Any CPU.ActiveCfg = Live|Any CPU
		{E3F95DFF-1613-4AA2-B26B-479A7650AAF4}.MonoTouch|Any CPU.Build.0 = Live|Any CPU
		{E3F95DFF-1613-4AA2-B26B-479A7650AAF4}.MonoTouch|x86.ActiveCfg = Live|Any CPU
		{E3F95DFF-1613-4AA2-B26B-479A7650AAF4}.Release|Any CPU.ActiveCfg = Release|Any CPU
		{E3F95DFF-1613-4AA2-B26B-479A7650AAF4}.Release|Any CPU.Build.0 = Release|Any CPU
		{E3F95DFF-1613-4AA2-B26B-479A7650AAF4}.Release|x86.ActiveCfg = Release|Any CPU
		{E3F95DFF-1613-4AA2-B26B-479A7650AAF4}.STATIC_ONLY NO_EXPRESSIONS|Any CPU.ActiveCfg = Live|Any CPU
		{E3F95DFF-1613-4AA2-B26B-479A7650AAF4}.STATIC_ONLY NO_EXPRESSIONS|Any CPU.Build.0 = Live|Any CPU
		{E3F95DFF-1613-4AA2-B26B-479A7650AAF4}.STATIC_ONLY NO_EXPRESSIONS|x86.ActiveCfg = Live|Any CPU
		{240C6FD3-BFEA-42F0-8A5C-D7615F4E278E}.Debug|Any CPU.ActiveCfg = Debug|Any CPU
		{240C6FD3-BFEA-42F0-8A5C-D7615F4E278E}.Debug|Any CPU.Build.0 = Debug|Any CPU
		{240C6FD3-BFEA-42F0-8A5C-D7615F4E278E}.Debug|x86.ActiveCfg = Debug|Any CPU
		{240C6FD3-BFEA-42F0-8A5C-D7615F4E278E}.Live|Any CPU.ActiveCfg = Live|Any CPU
		{240C6FD3-BFEA-42F0-8A5C-D7615F4E278E}.Live|Any CPU.Build.0 = Live|Any CPU
		{240C6FD3-BFEA-42F0-8A5C-D7615F4E278E}.Live|x86.ActiveCfg = Live|Any CPU
		{240C6FD3-BFEA-42F0-8A5C-D7615F4E278E}.MonoTouch|Any CPU.ActiveCfg = Live|Any CPU
		{240C6FD3-BFEA-42F0-8A5C-D7615F4E278E}.MonoTouch|Any CPU.Build.0 = Live|Any CPU
		{240C6FD3-BFEA-42F0-8A5C-D7615F4E278E}.MonoTouch|x86.ActiveCfg = Live|Any CPU
		{240C6FD3-BFEA-42F0-8A5C-D7615F4E278E}.Release|Any CPU.ActiveCfg = Release|Any CPU
		{240C6FD3-BFEA-42F0-8A5C-D7615F4E278E}.Release|Any CPU.Build.0 = Release|Any CPU
		{240C6FD3-BFEA-42F0-8A5C-D7615F4E278E}.Release|x86.ActiveCfg = Release|Any CPU
		{240C6FD3-BFEA-42F0-8A5C-D7615F4E278E}.STATIC_ONLY NO_EXPRESSIONS|Any CPU.ActiveCfg = Live|Any CPU
		{240C6FD3-BFEA-42F0-8A5C-D7615F4E278E}.STATIC_ONLY NO_EXPRESSIONS|Any CPU.Build.0 = Live|Any CPU
		{240C6FD3-BFEA-42F0-8A5C-D7615F4E278E}.STATIC_ONLY NO_EXPRESSIONS|x86.ActiveCfg = Live|Any CPU
		{6ADEE563-2C9D-4A87-B33B-C815280C36A4}.Debug|Any CPU.ActiveCfg = Debug|Any CPU
		{6ADEE563-2C9D-4A87-B33B-C815280C36A4}.Debug|Any CPU.Build.0 = Debug|Any CPU
		{6ADEE563-2C9D-4A87-B33B-C815280C36A4}.Debug|x86.ActiveCfg = Debug|Any CPU
		{6ADEE563-2C9D-4A87-B33B-C815280C36A4}.Live|Any CPU.ActiveCfg = Live|Any CPU
		{6ADEE563-2C9D-4A87-B33B-C815280C36A4}.Live|Any CPU.Build.0 = Live|Any CPU
		{6ADEE563-2C9D-4A87-B33B-C815280C36A4}.Live|x86.ActiveCfg = Live|Any CPU
		{6ADEE563-2C9D-4A87-B33B-C815280C36A4}.MonoTouch|Any CPU.ActiveCfg = Live|Any CPU
		{6ADEE563-2C9D-4A87-B33B-C815280C36A4}.MonoTouch|Any CPU.Build.0 = Live|Any CPU
		{6ADEE563-2C9D-4A87-B33B-C815280C36A4}.MonoTouch|x86.ActiveCfg = Live|Any CPU
		{6ADEE563-2C9D-4A87-B33B-C815280C36A4}.Release|Any CPU.ActiveCfg = Release|Any CPU
		{6ADEE563-2C9D-4A87-B33B-C815280C36A4}.Release|Any CPU.Build.0 = Release|Any CPU
		{6ADEE563-2C9D-4A87-B33B-C815280C36A4}.Release|x86.ActiveCfg = Release|Any CPU
		{6ADEE563-2C9D-4A87-B33B-C815280C36A4}.STATIC_ONLY NO_EXPRESSIONS|Any CPU.ActiveCfg = Live|Any CPU
		{6ADEE563-2C9D-4A87-B33B-C815280C36A4}.STATIC_ONLY NO_EXPRESSIONS|Any CPU.Build.0 = Live|Any CPU
		{6ADEE563-2C9D-4A87-B33B-C815280C36A4}.STATIC_ONLY NO_EXPRESSIONS|x86.ActiveCfg = Live|Any CPU
	EndGlobalSection
	GlobalSection(SolutionProperties) = preSolution
		HideSolutionNode = FALSE
	EndGlobalSection
	GlobalSection(NestedProjects) = preSolution
		{EF3403F3-0B48-4327-A708-3E0C873D02EB} = {82A91A4E-306F-4740-82D1-6010EF71E16D}
		{EDECAC79-55BC-4AA9-A08B-9FE143D825D0} = {82A91A4E-306F-4740-82D1-6010EF71E16D}
		{31962D40-25A6-46B8-A9BE-0A8E647DFBA4} = {82A91A4E-306F-4740-82D1-6010EF71E16D}
		{AE6D64CB-E114-4843-A1A7-9184D98D0A74} = {82A91A4E-306F-4740-82D1-6010EF71E16D}
		{E3F95DFF-1613-4AA2-B26B-479A7650AAF4} = {2BB04C5C-B4CB-4961-9FC5-084334CCF757}
		{12699542-B725-419A-B05C-9B1ECA3DB9D1} = {5B87A9D5-6E3A-48FA-ACE6-DA2873FA6025}
		{5B9C33CD-883F-4C4E-914C-7220521409D4} = {C6389808-767F-428C-8CD1-A83D675F7108}
		{ED2825C8-9C61-4CF2-BC55-0E181F2D27E9} = {C6389808-767F-428C-8CD1-A83D675F7108}
		{240C6FD3-BFEA-42F0-8A5C-D7615F4E278E} = {5B9C33CD-883F-4C4E-914C-7220521409D4}
		{6ADEE563-2C9D-4A87-B33B-C815280C36A4} = {5B9C33CD-883F-4C4E-914C-7220521409D4}
	EndGlobalSection
EndGlobal
